[[package]]
category = "main"
description = "Library for building powerful interactive command lines in Python"
name = "prompt-toolkit"
optional = false
python-versions = ">=3.6"
version = "3.0.3"

[package.dependencies]
wcwidth = "*"

[[package]]
category = "main"
description = "Python library to build pretty command line user prompts ⭐️"
name = "questionary"
optional = false
python-versions = "*"
version = "1.5.1"

[package.dependencies]
prompt-toolkit = ">=2.0,<4.0"

[package.extras]
test = ["pytest (>=4.0,<5.0)", "pytest-pycodestyle (>=1.3,<2.0)", "pytest-cov (>=2.6,<3.0)", "coveralls (>=1.3,<2.0)"]

[[package]]
category = "main"
description = "A better way to run shell commands in Python."
name = "shell"
optional = false
python-versions = "*"
version = "1.0.1"

[[package]]
category = "main"
description = "Measures number of Terminal column cells of wide-character codes"
name = "wcwidth"
optional = false
python-versions = "*"
version = "0.1.8"

[metadata]
content-hash = "ee0137994b15aae259573e9e7e1f1659bc4ca5219a3f3353ec9ac19a7e1f8bb9"
python-versions = "^3.6"

[metadata.files]
prompt-toolkit = [
    {file = "prompt_toolkit-3.0.3-py3-none-any.whl", hash = "sha256:c93e53af97f630f12f5f62a3274e79527936ed466f038953dfa379d4941f651a"},
    {file = "prompt_toolkit-3.0.3.tar.gz", hash = "sha256:a402e9bf468b63314e37460b68ba68243d55b2f8c4d0192f85a019af3945050e"},
]
questionary = [
    {file = "questionary-1.5.1-py3-none-any.whl", hash = "sha256:5314bfb746321997a9dc457e5e0a533e577a661347f3a89c63277c6746e9a8b9"},
    {file = "questionary-1.5.1.tar.gz", hash = "sha256:f199d4a780183679725f10a209b68be27f07cfd2852d6d7ea9e4a31fb45fb0c0"},
]
shell = [
    {file = "shell-1.0.1-py2.py3-none-any.whl", hash = "sha256:64e3347d1dd2c8f3c3f3df5e6ebe9084d768ae20985aef6793854b9f47d4045a"},
    {file = "shell-1.0.1.tar.gz", hash = "sha256:6fbaa88f85de228ddecef33cb1e9037f4959f6f76942b01769e4139a038f6513"},
]
wcwidth = [
    {file = "wcwidth-0.1.8-py2.py3-none-any.whl", hash = "sha256:8fd29383f539be45b20bd4df0dc29c20ba48654a41e661925e612311e9f3c603"},
    {file = "wcwidth-0.1.8.tar.gz", hash = "sha256:f28b3e8a6483e5d49e7f8949ac1a78314e740333ae305b4ba5defd3e74fb37a8"},
]
